<Solution>
  <Project Path="Host\WebApi\Conduit.Host.WebApi.csproj" Type="Classic C#" />
  <Project Path="Host\AppHost\Conduit.Host.AppHost.csproj" Type="Classic C#" />
  <Project Path="Host\ServiceDefaults\Conduit.Host.ServiceDefaults.csproj" Type="Classic C#" />
  <Project Path="Host\WebApi.IntegrationTests\Conduit.Host.WebApi.IntegrationTests.csproj" Type="Classic C#" />
</Solution>