<Solution>
  <Folder Name="/Host/">
    <Project Path="Host\AppHost\Conduit.Host.AppHost.csproj" />
    <Project Path="Host\ServiceDefaults\Conduit.Host.ServiceDefaults.csproj" />
    <Project Path="Host\WebApi\Conduit.Host.WebApi.csproj" />
  </Folder>

  <Folder Name="/Modules/Articles/">
    <Project Path="Modules/Articles/Application.UnitTests/Conduit.Articles.Application.UnitTests.csproj" />
    <Project Path="Modules/Articles/Domain.UnitTests/Conduit.Articles.Domain.UnitTests.csproj" />
    <Project Path="Modules/Articles/Api/Conduit.Articles.Api.csproj" />
    <Project Path="Modules/Articles/Application/Conduit.Articles.Application.csproj" />
    <Project Path="Modules/Articles/Contracts/Conduit.Articles.Contracts.csproj" />
    <Project Path="Modules/Articles/Domain/Conduit.Articles.Domain.csproj" />
    <Project Path="Modules/Articles/Infrastructure/Conduit.Articles.Infrastructure.csproj" />
  </Folder>

  <Folder Name="/Modules/Identity/">
    <Project Path="Modules/Identity/Application.UnitTests/Conduit.Identity.Application.UnitTests.csproj" />
    <Project Path="Modules/Identity/Domain.UnitTests/Conduit.Identity.Domain.UnitTests.csproj" />
    <Project Path="Modules/Identity/Api/Conduit.Identity.Api.csproj" />
    <Project Path="Modules/Identity/Application/Conduit.Identity.Application.csproj" />
    <Project Path="Modules/Identity/Contracts/Conduit.Identity.Contracts.csproj" />
    <Project Path="Modules/Identity/Domain/Conduit.Identity.Domain.csproj" />
    <Project Path="Modules/Identity/Infrastructure/Conduit.Identity.Infrastructure.csproj" />
  </Folder>

  <Folder Name="/Modules/Tags/">
    <Project Path="Modules/Tags/Core.UnitTests/Conduit.Tags.Core.UnitTests.csproj" />
    <Project Path="Modules/Tags/Contracts/Conduit.Tags.Contracts.csproj" />
    <Project Path="Modules/Tags/Core/Conduit.Tags.Core.csproj" />
  </Folder>

  <Folder Name="/Shared/">
    <Project Path="Shared/Application/Conduit.Shared.Application.csproj" />
    <Project Path="Shared/Application.UnitTests/Conduit.Shared.Application.UnitTests.csproj" />
    <Project Path="Shared/Domain/Conduit.Shared.Domain.csproj" />
    <Project Path="Shared/Domain.UnitTests/Conduit.Shared.Domain.UnitTests.csproj" />
    <Project Path="Shared/Infrastructure/Conduit.Shared.Infrastructure.csproj" />
  </Folder>
</Solution>