
Microsoft Visual Studio Solution File, Format Version 12.00
# Visual Studio Version 17
VisualStudioVersion = 17.0.31903.59
MinimumVisualStudioVersion = 10.0.40219.1
Project("{FAE04EC0-301F-11D3-BF4B-00C04F79EFBC}") = "Users.Application", "Users.Application\Users.Application.csproj", "{D2B5F5A1-1C83-4D5F-B9F7-81006532D36E}"
EndProject
Project("{FAE04EC0-301F-11D3-BF4B-00C04F79EFBC}") = "Users.Domain", "Users.Domain\Users.Domain.csproj", "{D8EEB222-DEE3-44B0-99CE-ABCFC8E63902}"
EndProject
Project("{2150E333-8FDC-42A3-9474-1A3956D46DE8}") = "Users", "Users", "{ECCD3411-05F8-40D7-ABEA-B80F50DC7BE9}"
EndProject
Project("{2150E333-8FDC-42A3-9474-1A3956D46DE8}") = "Articles", "Articles", "{731D8DB3-18E1-4056-8B3B-FD7AB0A344D2}"
EndProject
Project("{FAE04EC0-301F-11D3-BF4B-00C04F79EFBC}") = "Users.RestAPI", "Users.RestAPI\Users.RestAPI.csproj", "{2619F309-4D5E-462B-A74B-B748698C9ED4}"
EndProject
Project("{FAE04EC0-301F-11D3-BF4B-00C04F79EFBC}") = "Users.Persistence", "Users.Persistence\Users.Persistence.csproj", "{BD74F1D7-A996-47D2-8B88-063F2337B07C}"
EndProject
Project("{2150E333-8FDC-42A3-9474-1A3956D46DE8}") = "Solution Items", "Solution Items", "{56CF281F-828D-4412-A334-580511DF1A5E}"
	ProjectSection(SolutionItems) = preProject
		.editorconfig = .editorconfig
		..\..\.gitignore = ..\..\.gitignore
		Directory.Build.props = Directory.Build.props
		Directory.Packages.props = Directory.Packages.props
		..\..\docker-compose.yml = ..\..\docker-compose.yml
		..\..\docker-compose.debug.yml = ..\..\docker-compose.debug.yml
	EndProjectSection
EndProject
Project("{FAE04EC0-301F-11D3-BF4B-00C04F79EFBC}") = "Users.Domain.Tests", "Users.Domain.Tests\Users.Domain.Tests.csproj", "{964280F7-CC53-4953-814F-333C6323180F}"
EndProject
Project("{FAE04EC0-301F-11D3-BF4B-00C04F79EFBC}") = "Users.Application.Tests", "Users.Application.Tests\Users.Application.Tests.csproj", "{AD93C062-449A-4C0A-B73F-420BD6EE85D6}"
EndProject
Project("{FAE04EC0-301F-11D3-BF4B-00C04F79EFBC}") = "Users.Persistence.Tests", "Users.Persistence.Tests\Users.Persistence.Tests.csproj", "{29D3BE11-7177-4078-89E1-0E1339E11AEF}"
EndProject
Project("{FAE04EC0-301F-11D3-BF4B-00C04F79EFBC}") = "Users.RestAPI.Tests", "Users.RestAPI.Tests\Users.RestAPI.Tests.csproj", "{6387B7F3-70A2-4168-9F2D-6D58DFEA3B5D}"
EndProject
Project("{FAE04EC0-301F-11D3-BF4B-00C04F79EFBC}") = "Host", "Host\Host.csproj", "{397D831C-24B9-42CF-AC9C-FE7FE584D3EB}"
EndProject
Project("{2150E333-8FDC-42A3-9474-1A3956D46DE8}") = "Tags", "Tags", "{31DCC48A-A224-4F8D-93EE-1DC7AEA0F961}"
EndProject
Project("{FAE04EC0-301F-11D3-BF4B-00C04F79EFBC}") = "Articles.Domain", "Articles.Domain\Articles.Domain.csproj", "{A9CAE0F9-F440-4E47-87F7-019A569CC564}"
EndProject
Project("{2150E333-8FDC-42A3-9474-1A3956D46DE8}") = "Shared", "Shared", "{76BBA2E2-8587-4C1A-9D05-A0E9636ED362}"
EndProject
Project("{FAE04EC0-301F-11D3-BF4B-00C04F79EFBC}") = "Shared.Domain", "Shared.Domain\Shared.Domain.csproj", "{79041C40-D562-467F-9F2C-15E92419F5F9}"
EndProject
Project("{FAE04EC0-301F-11D3-BF4B-00C04F79EFBC}") = "Shared.Domain.UnitTests", "Shared.Domain.UnitTests\Shared.Domain.UnitTests.csproj", "{9AEB5B99-B4B3-4876-A281-F6608447A34A}"
EndProject
Project("{FAE04EC0-301F-11D3-BF4B-00C04F79EFBC}") = "Articles.Application", "Articles.Application\Articles.Application.csproj", "{0E3B8ECB-CCB6-4297-B6F6-C52C5BEF6895}"
EndProject
Global
	GlobalSection(SolutionConfigurationPlatforms) = preSolution
		Debug|Any CPU = Debug|Any CPU
		Release|Any CPU = Release|Any CPU
	EndGlobalSection
	GlobalSection(ProjectConfigurationPlatforms) = postSolution
		{D2B5F5A1-1C83-4D5F-B9F7-81006532D36E}.Debug|Any CPU.ActiveCfg = Debug|Any CPU
		{D2B5F5A1-1C83-4D5F-B9F7-81006532D36E}.Debug|Any CPU.Build.0 = Debug|Any CPU
		{D2B5F5A1-1C83-4D5F-B9F7-81006532D36E}.Release|Any CPU.ActiveCfg = Release|Any CPU
		{D2B5F5A1-1C83-4D5F-B9F7-81006532D36E}.Release|Any CPU.Build.0 = Release|Any CPU
		{D8EEB222-DEE3-44B0-99CE-ABCFC8E63902}.Debug|Any CPU.ActiveCfg = Debug|Any CPU
		{D8EEB222-DEE3-44B0-99CE-ABCFC8E63902}.Debug|Any CPU.Build.0 = Debug|Any CPU
		{D8EEB222-DEE3-44B0-99CE-ABCFC8E63902}.Release|Any CPU.ActiveCfg = Release|Any CPU
		{D8EEB222-DEE3-44B0-99CE-ABCFC8E63902}.Release|Any CPU.Build.0 = Release|Any CPU
		{2619F309-4D5E-462B-A74B-B748698C9ED4}.Debug|Any CPU.ActiveCfg = Debug|Any CPU
		{2619F309-4D5E-462B-A74B-B748698C9ED4}.Debug|Any CPU.Build.0 = Debug|Any CPU
		{2619F309-4D5E-462B-A74B-B748698C9ED4}.Release|Any CPU.ActiveCfg = Release|Any CPU
		{2619F309-4D5E-462B-A74B-B748698C9ED4}.Release|Any CPU.Build.0 = Release|Any CPU
		{BD74F1D7-A996-47D2-8B88-063F2337B07C}.Debug|Any CPU.ActiveCfg = Debug|Any CPU
		{BD74F1D7-A996-47D2-8B88-063F2337B07C}.Debug|Any CPU.Build.0 = Debug|Any CPU
		{BD74F1D7-A996-47D2-8B88-063F2337B07C}.Release|Any CPU.ActiveCfg = Release|Any CPU
		{BD74F1D7-A996-47D2-8B88-063F2337B07C}.Release|Any CPU.Build.0 = Release|Any CPU
		{964280F7-CC53-4953-814F-333C6323180F}.Debug|Any CPU.ActiveCfg = Debug|Any CPU
		{964280F7-CC53-4953-814F-333C6323180F}.Debug|Any CPU.Build.0 = Debug|Any CPU
		{964280F7-CC53-4953-814F-333C6323180F}.Release|Any CPU.ActiveCfg = Release|Any CPU
		{964280F7-CC53-4953-814F-333C6323180F}.Release|Any CPU.Build.0 = Release|Any CPU
		{AD93C062-449A-4C0A-B73F-420BD6EE85D6}.Debug|Any CPU.ActiveCfg = Debug|Any CPU
		{AD93C062-449A-4C0A-B73F-420BD6EE85D6}.Debug|Any CPU.Build.0 = Debug|Any CPU
		{AD93C062-449A-4C0A-B73F-420BD6EE85D6}.Release|Any CPU.ActiveCfg = Release|Any CPU
		{AD93C062-449A-4C0A-B73F-420BD6EE85D6}.Release|Any CPU.Build.0 = Release|Any CPU
		{29D3BE11-7177-4078-89E1-0E1339E11AEF}.Debug|Any CPU.ActiveCfg = Debug|Any CPU
		{29D3BE11-7177-4078-89E1-0E1339E11AEF}.Debug|Any CPU.Build.0 = Debug|Any CPU
		{29D3BE11-7177-4078-89E1-0E1339E11AEF}.Release|Any CPU.ActiveCfg = Release|Any CPU
		{29D3BE11-7177-4078-89E1-0E1339E11AEF}.Release|Any CPU.Build.0 = Release|Any CPU
		{6387B7F3-70A2-4168-9F2D-6D58DFEA3B5D}.Debug|Any CPU.ActiveCfg = Debug|Any CPU
		{6387B7F3-70A2-4168-9F2D-6D58DFEA3B5D}.Debug|Any CPU.Build.0 = Debug|Any CPU
		{6387B7F3-70A2-4168-9F2D-6D58DFEA3B5D}.Release|Any CPU.ActiveCfg = Release|Any CPU
		{6387B7F3-70A2-4168-9F2D-6D58DFEA3B5D}.Release|Any CPU.Build.0 = Release|Any CPU
		{397D831C-24B9-42CF-AC9C-FE7FE584D3EB}.Debug|Any CPU.ActiveCfg = Debug|Any CPU
		{397D831C-24B9-42CF-AC9C-FE7FE584D3EB}.Debug|Any CPU.Build.0 = Debug|Any CPU
		{397D831C-24B9-42CF-AC9C-FE7FE584D3EB}.Release|Any CPU.ActiveCfg = Release|Any CPU
		{397D831C-24B9-42CF-AC9C-FE7FE584D3EB}.Release|Any CPU.Build.0 = Release|Any CPU
		{A9CAE0F9-F440-4E47-87F7-019A569CC564}.Debug|Any CPU.ActiveCfg = Debug|Any CPU
		{A9CAE0F9-F440-4E47-87F7-019A569CC564}.Debug|Any CPU.Build.0 = Debug|Any CPU
		{A9CAE0F9-F440-4E47-87F7-019A569CC564}.Release|Any CPU.ActiveCfg = Release|Any CPU
		{A9CAE0F9-F440-4E47-87F7-019A569CC564}.Release|Any CPU.Build.0 = Release|Any CPU
		{79041C40-D562-467F-9F2C-15E92419F5F9}.Debug|Any CPU.ActiveCfg = Debug|Any CPU
		{79041C40-D562-467F-9F2C-15E92419F5F9}.Debug|Any CPU.Build.0 = Debug|Any CPU
		{79041C40-D562-467F-9F2C-15E92419F5F9}.Release|Any CPU.ActiveCfg = Release|Any CPU
		{79041C40-D562-467F-9F2C-15E92419F5F9}.Release|Any CPU.Build.0 = Release|Any CPU
		{9AEB5B99-B4B3-4876-A281-F6608447A34A}.Debug|Any CPU.ActiveCfg = Debug|Any CPU
		{9AEB5B99-B4B3-4876-A281-F6608447A34A}.Debug|Any CPU.Build.0 = Debug|Any CPU
		{9AEB5B99-B4B3-4876-A281-F6608447A34A}.Release|Any CPU.ActiveCfg = Release|Any CPU
		{9AEB5B99-B4B3-4876-A281-F6608447A34A}.Release|Any CPU.Build.0 = Release|Any CPU
		{0E3B8ECB-CCB6-4297-B6F6-C52C5BEF6895}.Debug|Any CPU.ActiveCfg = Debug|Any CPU
		{0E3B8ECB-CCB6-4297-B6F6-C52C5BEF6895}.Debug|Any CPU.Build.0 = Debug|Any CPU
		{0E3B8ECB-CCB6-4297-B6F6-C52C5BEF6895}.Release|Any CPU.ActiveCfg = Release|Any CPU
		{0E3B8ECB-CCB6-4297-B6F6-C52C5BEF6895}.Release|Any CPU.Build.0 = Release|Any CPU
	EndGlobalSection
	GlobalSection(SolutionProperties) = preSolution
		HideSolutionNode = FALSE
	EndGlobalSection
	GlobalSection(NestedProjects) = preSolution
		{D2B5F5A1-1C83-4D5F-B9F7-81006532D36E} = {ECCD3411-05F8-40D7-ABEA-B80F50DC7BE9}
		{D8EEB222-DEE3-44B0-99CE-ABCFC8E63902} = {ECCD3411-05F8-40D7-ABEA-B80F50DC7BE9}
		{2619F309-4D5E-462B-A74B-B748698C9ED4} = {ECCD3411-05F8-40D7-ABEA-B80F50DC7BE9}
		{BD74F1D7-A996-47D2-8B88-063F2337B07C} = {ECCD3411-05F8-40D7-ABEA-B80F50DC7BE9}
		{964280F7-CC53-4953-814F-333C6323180F} = {ECCD3411-05F8-40D7-ABEA-B80F50DC7BE9}
		{AD93C062-449A-4C0A-B73F-420BD6EE85D6} = {ECCD3411-05F8-40D7-ABEA-B80F50DC7BE9}
		{29D3BE11-7177-4078-89E1-0E1339E11AEF} = {ECCD3411-05F8-40D7-ABEA-B80F50DC7BE9}
		{6387B7F3-70A2-4168-9F2D-6D58DFEA3B5D} = {ECCD3411-05F8-40D7-ABEA-B80F50DC7BE9}
		{A9CAE0F9-F440-4E47-87F7-019A569CC564} = {731D8DB3-18E1-4056-8B3B-FD7AB0A344D2}
		{79041C40-D562-467F-9F2C-15E92419F5F9} = {76BBA2E2-8587-4C1A-9D05-A0E9636ED362}
		{9AEB5B99-B4B3-4876-A281-F6608447A34A} = {76BBA2E2-8587-4C1A-9D05-A0E9636ED362}
		{0E3B8ECB-CCB6-4297-B6F6-C52C5BEF6895} = {731D8DB3-18E1-4056-8B3B-FD7AB0A344D2}
	EndGlobalSection
EndGlobal
